
Microsoft Visual Studio Solution File, Format Version 12.00
# Visual Studio Version 17
VisualStudioVersion = 17.13.35828.75 d17.13
MinimumVisualStudioVersion = 10.0.40219.1
Project("{FAE04EC0-301F-11D3-BF4B-00C04F79EFBC}") = "IntelliBiz", "IntelliBiz\IntelliBiz.csproj", "{A0D29B64-9BCA-45F6-AD4E-88DE7A1A909A}"
EndProject
Global
	GlobalSection(SolutionConfigurationPlatforms) = preSolution
		Debug|Any CPU = Debug|Any CPU
		Release|Any CPU = Release|Any CPU
	EndGlobalSection
	GlobalSection(ProjectConfigurationPlatforms) = postSolution
		{A0D29B64-9BCA-45F6-AD4E-88DE7A1A909A}.Debug|Any CPU.ActiveCfg = Debug|Any CPU
		{A0D29B64-9BCA-45F6-AD4E-88DE7A1A909A}.Debug|Any CPU.Build.0 = Debug|Any CPU
		{A0D29B64-9BCA-45F6-AD4E-88DE7A1A909A}.Release|Any CPU.ActiveCfg = Release|Any CPU
		{A0D29B64-9BCA-45F6-AD4E-88DE7A1A909A}.Release|Any CPU.Build.0 = Release|Any CPU
	EndGlobalSection
	GlobalSection(SolutionProperties) = preSolution
		HideSolutionNode = FALSE
	EndGlobalSection
	GlobalSection(ExtensibilityGlobals) = postSolution
		SolutionGuid = {88008A4A-1790-4C9A-A1DA-3863B75C6BEA}
	EndGlobalSection
EndGlobal
